
Microsoft Visual Studio Solution File, Format Version 12.00
# Visual Studio Version 17
VisualStudioVersion = 17.11.35327.3
MinimumVisualStudioVersion = 10.0.40219.1
Project("{FAE04EC0-301F-11D3-BF4B-00C04F79EFBC}") = "Questor.API", "Questor.API.csproj", "{8386C6B7-A38C-41C6-BCCD-18031A44583A}"
EndProject
Project("{FAE04EC0-301F-11D3-BF4B-00C04F79EFBC}") = "Questor.Infra", "..\Questor.Infra\Questor.Infra.csproj", "{0C5CE854-BDBF-426F-A748-4070CE850A8D}"
	ProjectSection(ProjectDependencies) = postProject
		{8C94A4B2-F7B5-4D0C-B86D-75348D3EFDFD} = {8C94A4B2-F7B5-4D0C-B86D-75348D3EFDFD}
	EndProjectSection
EndProject
Project("{FAE04EC0-301F-11D3-BF4B-00C04F79EFBC}") = "Questor.Domain", "..\Questor.Domain\Questor.Domain.csproj", "{8C94A4B2-F7B5-4D0C-B86D-75348D3EFDFD}"
EndProject
Global
	GlobalSection(SolutionConfigurationPlatforms) = preSolution
		Debug|Any CPU = Debug|Any CPU
		Release|Any CPU = Release|Any CPU
	EndGlobalSection
	GlobalSection(ProjectConfigurationPlatforms) = postSolution
		{8386C6B7-A38C-41C6-BCCD-18031A44583A}.Debug|Any CPU.ActiveCfg = Debug|Any CPU
		{8386C6B7-A38C-41C6-BCCD-18031A44583A}.Debug|Any CPU.Build.0 = Debug|Any CPU
		{8386C6B7-A38C-41C6-BCCD-18031A44583A}.Release|Any CPU.ActiveCfg = Release|Any CPU
		{8386C6B7-A38C-41C6-BCCD-18031A44583A}.Release|Any CPU.Build.0 = Release|Any CPU
		{0C5CE854-BDBF-426F-A748-4070CE850A8D}.Debug|Any CPU.ActiveCfg = Debug|Any CPU
		{0C5CE854-BDBF-426F-A748-4070CE850A8D}.Debug|Any CPU.Build.0 = Debug|Any CPU
		{0C5CE854-BDBF-426F-A748-4070CE850A8D}.Release|Any CPU.ActiveCfg = Release|Any CPU
		{0C5CE854-BDBF-426F-A748-4070CE850A8D}.Release|Any CPU.Build.0 = Release|Any CPU
		{8C94A4B2-F7B5-4D0C-B86D-75348D3EFDFD}.Debug|Any CPU.ActiveCfg = Debug|Any CPU
		{8C94A4B2-F7B5-4D0C-B86D-75348D3EFDFD}.Debug|Any CPU.Build.0 = Debug|Any CPU
		{8C94A4B2-F7B5-4D0C-B86D-75348D3EFDFD}.Release|Any CPU.ActiveCfg = Release|Any CPU
		{8C94A4B2-F7B5-4D0C-B86D-75348D3EFDFD}.Release|Any CPU.Build.0 = Release|Any CPU
	EndGlobalSection
	GlobalSection(SolutionProperties) = preSolution
		HideSolutionNode = FALSE
	EndGlobalSection
	GlobalSection(ExtensibilityGlobals) = postSolution
		SolutionGuid = {96A72A7E-EEBE-436D-BC60-D250FC3CDFED}
	EndGlobalSection
EndGlobal
